
Microsoft Visual Studio Solution File, Format Version 12.00
# Visual Studio Version 16
VisualStudioVersion = 16.0.30621.155
MinimumVisualStudioVersion = 10.0.40219.1
Project("{FAE04EC0-301F-11D3-BF4B-00C04F79EFBC}") = "ProjectZero.ConsoleApp", "ProjectZero.Console\ProjectZero.ConsoleApp.csproj", "{8AB88C7A-A4AC-4AD1-8FF9-C4D2BCD8EC87}"
EndProject
Project("{FAE04EC0-301F-11D3-BF4B-00C04F79EFBC}") = "ProjectZero.BusinessLibrary", "ProjectZero.BusinessLibrary\ProjectZero.BusinessLibrary.csproj", "{FC2061F1-AADC-4F37-9581-DDD1EF1A0934}"
EndProject
Project("{FAE04EC0-301F-11D3-BF4B-00C04F79EFBC}") = "ProjectZero.Testing", "ProjectZero.Testing\ProjectZero.Testing.csproj", "{2C76A013-AE30-4B61-9ED5-2A8B56F86B06}"
EndProject
Global
	GlobalSection(SolutionConfigurationPlatforms) = preSolution
		Debug|Any CPU = Debug|Any CPU
		Release|Any CPU = Release|Any CPU
	EndGlobalSection
	GlobalSection(ProjectConfigurationPlatforms) = postSolution
		{8AB88C7A-A4AC-4AD1-8FF9-C4D2BCD8EC87}.Debug|Any CPU.ActiveCfg = Debug|Any CPU
		{8AB88C7A-A4AC-4AD1-8FF9-C4D2BCD8EC87}.Debug|Any CPU.Build.0 = Debug|Any CPU
		{8AB88C7A-A4AC-4AD1-8FF9-C4D2BCD8EC87}.Release|Any CPU.ActiveCfg = Release|Any CPU
		{8AB88C7A-A4AC-4AD1-8FF9-C4D2BCD8EC87}.Release|Any CPU.Build.0 = Release|Any CPU
		{FC2061F1-AADC-4F37-9581-DDD1EF1A0934}.Debug|Any CPU.ActiveCfg = Debug|Any CPU
		{FC2061F1-AADC-4F37-9581-DDD1EF1A0934}.Debug|Any CPU.Build.0 = Debug|Any CPU
		{FC2061F1-AADC-4F37-9581-DDD1EF1A0934}.Release|Any CPU.ActiveCfg = Release|Any CPU
		{FC2061F1-AADC-4F37-9581-DDD1EF1A0934}.Release|Any CPU.Build.0 = Release|Any CPU
		{2C76A013-AE30-4B61-9ED5-2A8B56F86B06}.Debug|Any CPU.ActiveCfg = Debug|Any CPU
		{2C76A013-AE30-4B61-9ED5-2A8B56F86B06}.Debug|Any CPU.Build.0 = Debug|Any CPU
		{2C76A013-AE30-4B61-9ED5-2A8B56F86B06}.Release|Any CPU.ActiveCfg = Release|Any CPU
		{2C76A013-AE30-4B61-9ED5-2A8B56F86B06}.Release|Any CPU.Build.0 = Release|Any CPU
	EndGlobalSection
	GlobalSection(SolutionProperties) = preSolution
		HideSolutionNode = FALSE
	EndGlobalSection
	GlobalSection(ExtensibilityGlobals) = postSolution
		SolutionGuid = {6C7C9D71-73E5-4C23-9695-94019BECC5A5}
	EndGlobalSection
EndGlobal
